
Microsoft Visual Studio Solution File, Format Version 12.00
# Visual Studio Version 17
VisualStudioVersion = 17.11.35312.102
MinimumVisualStudioVersion = 10.0.40219.1
Project("{FAE04EC0-301F-11D3-BF4B-00C04F79EFBC}") = "LogicRiftCore", "LogicRiftCore\LogicRiftCore.csproj", "{BEB22F7E-91D6-40FD-8D8B-D9FB9BED9281}"
EndProject
Project("{FAE04EC0-301F-11D3-BF4B-00C04F79EFBC}") = "LogicRiftTests", "LogicRiftTests\LogicRiftTests.csproj", "{8D3C51E3-12AA-4EBF-88E8-DBCB94477D91}"
EndProject
Global
	GlobalSection(SolutionConfigurationPlatforms) = preSolution
		Debug|Any CPU = Debug|Any CPU
		Release|Any CPU = Release|Any CPU
	EndGlobalSection
	GlobalSection(ProjectConfigurationPlatforms) = postSolution
		{BEB22F7E-91D6-40FD-8D8B-D9FB9BED9281}.Debug|Any CPU.ActiveCfg = Debug|Any CPU
		{BEB22F7E-91D6-40FD-8D8B-D9FB9BED9281}.Debug|Any CPU.Build.0 = Debug|Any CPU
		{BEB22F7E-91D6-40FD-8D8B-D9FB9BED9281}.Release|Any CPU.ActiveCfg = Release|Any CPU
		{BEB22F7E-91D6-40FD-8D8B-D9FB9BED9281}.Release|Any CPU.Build.0 = Release|Any CPU
		{8D3C51E3-12AA-4EBF-88E8-DBCB94477D91}.Debug|Any CPU.ActiveCfg = Debug|Any CPU
		{8D3C51E3-12AA-4EBF-88E8-DBCB94477D91}.Debug|Any CPU.Build.0 = Debug|Any CPU
		{8D3C51E3-12AA-4EBF-88E8-DBCB94477D91}.Release|Any CPU.ActiveCfg = Release|Any CPU
		{8D3C51E3-12AA-4EBF-88E8-DBCB94477D91}.Release|Any CPU.Build.0 = Release|Any CPU
	EndGlobalSection
	GlobalSection(SolutionProperties) = preSolution
		HideSolutionNode = FALSE
	EndGlobalSection
	GlobalSection(ExtensibilityGlobals) = postSolution
		SolutionGuid = {175DCA02-87A2-4BC3-9C0D-4E8B1DEEAF93}
	EndGlobalSection
EndGlobal
