
Microsoft Visual Studio Solution File, Format Version 12.00
# Visual Studio Version 17
VisualStudioVersion = 17.11.35312.102
MinimumVisualStudioVersion = 10.0.40219.1
Project("{9A19103F-16F7-4668-BE54-9A1E7A4F7556}") = "LogicRiftCore", "LogicRiftCore\LogicRiftCore.csproj", "{BEB22F7E-91D6-40FD-8D8B-D9FB9BED9281}"
EndProject
Project("{9A19103F-16F7-4668-BE54-9A1E7A4F7556}") = "LogicRiftTests", "LogicRiftTests\LogicRiftTests.csproj", "{8D3C51E3-12AA-4EBF-88E8-DBCB94477D91}"
EndProject
Project("{2150E333-8FDC-42A3-9474-1A3956D46DE8}") = "Solution Items", "Solution Items", "{B460CAD9-1EBD-46A7-8AEE-2211CB0829F2}"
	ProjectSection(SolutionItems) = preProject
		.editorconfig = .editorconfig
	EndProjectSection
EndProject
Global
	GlobalSection(SolutionConfigurationPlatforms) = preSolution
		Debug|Any CPU = Debug|Any CPU
		Release|Any CPU = Release|Any CPU
	EndGlobalSection
	GlobalSection(ProjectConfigurationPlatforms) = postSolution
		{BEB22F7E-91D6-40FD-8D8B-D9FB9BED9281}.Debug|Any CPU.ActiveCfg = Debug|Any CPU
		{BEB22F7E-91D6-40FD-8D8B-D9FB9BED9281}.Debug|Any CPU.Build.0 = Debug|Any CPU
		{BEB22F7E-91D6-40FD-8D8B-D9FB9BED9281}.Release|Any CPU.ActiveCfg = Release|Any CPU
		{BEB22F7E-91D6-40FD-8D8B-D9FB9BED9281}.Release|Any CPU.Build.0 = Release|Any CPU
		{8D3C51E3-12AA-4EBF-88E8-DBCB94477D91}.Debug|Any CPU.ActiveCfg = Debug|Any CPU
		{8D3C51E3-12AA-4EBF-88E8-DBCB94477D91}.Debug|Any CPU.Build.0 = Debug|Any CPU
		{8D3C51E3-12AA-4EBF-88E8-DBCB94477D91}.Release|Any CPU.ActiveCfg = Release|Any CPU
		{8D3C51E3-12AA-4EBF-88E8-DBCB94477D91}.Release|Any CPU.Build.0 = Release|Any CPU
	EndGlobalSection
	GlobalSection(SolutionProperties) = preSolution
		HideSolutionNode = FALSE
	EndGlobalSection
	GlobalSection(ExtensibilityGlobals) = postSolution
		SolutionGuid = {175DCA02-87A2-4BC3-9C0D-4E8B1DEEAF93}
	EndGlobalSection
EndGlobal
